
Microsoft Visual Studio Solution File, Format Version 12.00
# Visual Studio Version 17
VisualStudioVersion = 17.9.34723.18
MinimumVisualStudioVersion = 10.0.40219.1
Project("{FAE04EC0-301F-11D3-BF4B-00C04F79EFBC}") = "LibraryManagementSystem", "LibraryManagementSystem.csproj", "{102274CF-D78D-4883-ADD9-27E93AD9347B}"
EndProject
Global
	GlobalSection(SolutionConfigurationPlatforms) = preSolution
		Debug|Any CPU = Debug|Any CPU
		Release|Any CPU = Release|Any CPU
	EndGlobalSection
	GlobalSection(ProjectConfigurationPlatforms) = postSolution
		{102274CF-D78D-4883-ADD9-27E93AD9347B}.Debug|Any CPU.ActiveCfg = Debug|Any CPU
		{102274CF-D78D-4883-ADD9-27E93AD9347B}.Debug|Any CPU.Build.0 = Debug|Any CPU
		{102274CF-D78D-4883-ADD9-27E93AD9347B}.Release|Any CPU.ActiveCfg = Release|Any CPU
		{102274CF-D78D-4883-ADD9-27E93AD9347B}.Release|Any CPU.Build.0 = Release|Any CPU
	EndGlobalSection
	GlobalSection(SolutionProperties) = preSolution
		HideSolutionNode = FALSE
	EndGlobalSection
	GlobalSection(ExtensibilityGlobals) = postSolution
		SolutionGuid = {B0F66456-28C8-4A27-B2C7-002506C6CDC6}
	EndGlobalSection
EndGlobal
